// !$*UTF8*$!
{
	archiveVersion = 1;
	classes = {
	};
	objectVersion = 46;
	objects = {

/* Begin PBXBuildFile section */
		47141A791EC7208F00DBD027 /* AppDelegate.swift in Sources */ = {isa = PBXBuildFile; fileRef = 47141A781EC7208F00DBD027 /* AppDelegate.swift */; };
		47141A7B1EC7208F00DBD027 /* ViewController.swift in Sources */ = {isa = PBXBuildFile; fileRef = 47141A7A1EC7208F00DBD027 /* ViewController.swift */; };
		47141A7E1EC7208F00DBD027 /* Main.storyboard in Resources */ = {isa = PBXBuildFile; fileRef = 47141A7C1EC7208F00DBD027 /* Main.storyboard */; };
		47141A801EC7208F00DBD027 /* Assets.xcassets in Resources */ = {isa = PBXBuildFile; fileRef = 47141A7F1EC7208F00DBD027 /* Assets.xcassets */; };
		47141A831EC7208F00DBD027 /* LaunchScreen.storyboard in Resources */ = {isa = PBXBuildFile; fileRef = 47141A811EC7208F00DBD027 /* LaunchScreen.storyboard */; };
		47141A8B1EC726F300DBD027 /* Container1.swift in Sources */ = {isa = PBXBuildFile; fileRef = 47141A8A1EC726F300DBD027 /* Container1.swift */; };
		47141A8D1EC7281C00DBD027 /* ContainerViewController.swift in Sources */ = {isa = PBXBuildFile; fileRef = 47141A8C1EC7281C00DBD027 /* ContainerViewController.swift */; };
		47141A8F1EC72EDE00DBD027 /* Container2.swift in Sources */ = {isa = PBXBuildFile; fileRef = 47141A8E1EC72EDE00DBD027 /* Container2.swift */; };
		47141A961EC7C20000DBD027 /* TabBarControllerProtocol.swift in Sources */ = {isa = PBXBuildFile; fileRef = 47141A951EC7C20000DBD027 /* TabBarControllerProtocol.swift */; };
		47141A981EC7C21200DBD027 /* TabBarInstantTransition.swift in Sources */ = {isa = PBXBuildFile; fileRef = 47141A971EC7C21200DBD027 /* TabBarInstantTransition.swift */; };
		47141A9A1EC7C22B00DBD027 /* TabBarSlideTransition.swift in Sources */ = {isa = PBXBuildFile; fileRef = 47141A991EC7C22B00DBD027 /* TabBarSlideTransition.swift */; };
		47141A9C1EC7C29B00DBD027 /* TabBarManager.swift in Sources */ = {isa = PBXBuildFile; fileRef = 47141A9B1EC7C29B00DBD027 /* TabBarManager.swift */; };
/* End PBXBuildFile section */

/* Begin PBXFileReference section */
		47141A751EC7208F00DBD027 /* ContainerTransition.app */ = {isa = PBXFileReference; explicitFileType = wrapper.application; includeInIndex = 0; path = ContainerTransition.app; sourceTree = BUILT_PRODUCTS_DIR; };
		47141A781EC7208F00DBD027 /* AppDelegate.swift */ = {isa = PBXFileReference; lastKnownFileType = sourcecode.swift; path = AppDelegate.swift; sourceTree = "<group>"; };
		47141A7A1EC7208F00DBD027 /* ViewController.swift */ = {isa = PBXFileReference; lastKnownFileType = sourcecode.swift; path = ViewController.swift; sourceTree = "<group>"; };
		47141A7D1EC7208F00DBD027 /* Base */ = {isa = PBXFileReference; lastKnownFileType = file.storyboard; name = Base; path = Base.lproj/Main.storyboard; sourceTree = "<group>"; };
		47141A7F1EC7208F00DBD027 /* Assets.xcassets */ = {isa = PBXFileReference; lastKnownFileType = folder.assetcatalog; path = Assets.xcassets; sourceTree = "<group>"; };
		47141A821EC7208F00DBD027 /* Base */ = {isa = PBXFileReference; lastKnownFileType = file.storyboard; name = Base; path = Base.lproj/LaunchScreen.storyboard; sourceTree = "<group>"; };
		47141A841EC7208F00DBD027 /* Info.plist */ = {isa = PBXFileReference; lastKnownFileType = text.plist.xml; path = Info.plist; sourceTree = "<group>"; };
		47141A8A1EC726F300DBD027 /* Container1.swift */ = {isa = PBXFileReference; fileEncoding = 4; lastKnownFileType = sourcecode.swift; path = Container1.swift; sourceTree = "<group>"; };
		47141A8C1EC7281C00DBD027 /* ContainerViewController.swift */ = {isa = PBXFileReference; fileEncoding = 4; lastKnownFileType = sourcecode.swift; path = ContainerViewController.swift; sourceTree = "<group>"; };
		47141A8E1EC72EDE00DBD027 /* Container2.swift */ = {isa = PBXFileReference; fileEncoding = 4; lastKnownFileType = sourcecode.swift; path = Container2.swift; sourceTree = "<group>"; };
		47141A951EC7C20000DBD027 /* TabBarControllerProtocol.swift */ = {isa = PBXFileReference; fileEncoding = 4; lastKnownFileType = sourcecode.swift; path = TabBarControllerProtocol.swift; sourceTree = "<group>"; };
		47141A971EC7C21200DBD027 /* TabBarInstantTransition.swift */ = {isa = PBXFileReference; fileEncoding = 4; lastKnownFileType = sourcecode.swift; path = TabBarInstantTransition.swift; sourceTree = "<group>"; };
		47141A991EC7C22B00DBD027 /* TabBarSlideTransition.swift */ = {isa = PBXFileReference; fileEncoding = 4; lastKnownFileType = sourcecode.swift; path = TabBarSlideTransition.swift; sourceTree = "<group>"; };
		47141A9B1EC7C29B00DBD027 /* TabBarManager.swift */ = {isa = PBXFileReference; fileEncoding = 4; lastKnownFileType = sourcecode.swift; path = TabBarManager.swift; sourceTree = "<group>"; };
/* End PBXFileReference section */

/* Begin PBXFrameworksBuildPhase section */
		47141A721EC7208F00DBD027 /* Frameworks */ = {
			isa = PBXFrameworksBuildPhase;
			buildActionMask = 2147483647;
			files = (
			);
			runOnlyForDeploymentPostprocessing = 0;
		};
/* End PBXFrameworksBuildPhase section */

/* Begin PBXGroup section */
		47141A6C1EC7208F00DBD027 = {
			isa = PBXGroup;
			children = (
				47141A771EC7208F00DBD027 /* ContainerTransition */,
				47141A761EC7208F00DBD027 /* Products */,
			);
			sourceTree = "<group>";
		};
		47141A761EC7208F00DBD027 /* Products */ = {
			isa = PBXGroup;
			children = (
				47141A751EC7208F00DBD027 /* ContainerTransition.app */,
			);
			name = Products;
			sourceTree = "<group>";
		};
		47141A771EC7208F00DBD027 /* ContainerTransition */ = {
			isa = PBXGroup;
			children = (
				47141A941EC7C1EF00DBD027 /* TabBarController */,
				47141A781EC7208F00DBD027 /* AppDelegate.swift */,
				47141A7A1EC7208F00DBD027 /* ViewController.swift */,
				47141A7C1EC7208F00DBD027 /* Main.storyboard */,
				47141A7F1EC7208F00DBD027 /* Assets.xcassets */,
				47141A811EC7208F00DBD027 /* LaunchScreen.storyboard */,
				47141A841EC7208F00DBD027 /* Info.plist */,
				47141A8A1EC726F300DBD027 /* Container1.swift */,
				47141A8E1EC72EDE00DBD027 /* Container2.swift */,
				47141A8C1EC7281C00DBD027 /* ContainerViewController.swift */,
			);
			path = ContainerTransition;
			sourceTree = "<group>";
		};
		47141A941EC7C1EF00DBD027 /* TabBarController */ = {
			isa = PBXGroup;
			children = (
				47141A951EC7C20000DBD027 /* TabBarControllerProtocol.swift */,
				47141A971EC7C21200DBD027 /* TabBarInstantTransition.swift */,
				47141A991EC7C22B00DBD027 /* TabBarSlideTransition.swift */,
				47141A9B1EC7C29B00DBD027 /* TabBarManager.swift */,
			);
			path = TabBarController;
			sourceTree = "<group>";
		};
/* End PBXGroup section */

/* Begin PBXNativeTarget section */
		47141A741EC7208F00DBD027 /* ContainerTransition */ = {
			isa = PBXNativeTarget;
			buildConfigurationList = 47141A871EC7208F00DBD027 /* Build configuration list for PBXNativeTarget "ContainerTransition" */;
			buildPhases = (
				47141A711EC7208F00DBD027 /* Sources */,
				47141A721EC7208F00DBD027 /* Frameworks */,
				47141A731EC7208F00DBD027 /* Resources */,
			);
			buildRules = (
			);
			dependencies = (
			);
			name = ContainerTransition;
			productName = ContainerTransition;
			productReference = 47141A751EC7208F00DBD027 /* ContainerTransition.app */;
			productType = "com.apple.product-type.application";
		};
/* End PBXNativeTarget section */

/* Begin PBXProject section */
		47141A6D1EC7208F00DBD027 /* Project object */ = {
			isa = PBXProject;
			attributes = {
				LastSwiftUpdateCheck = 0830;
				LastUpgradeCheck = 0830;
				ORGANIZATIONNAME = "Paweł Wojtkowiak";
				TargetAttributes = {
					47141A741EC7208F00DBD027 = {
						CreatedOnToolsVersion = 8.3.2;
						ProvisioningStyle = Automatic;
					};
				};
			};
			buildConfigurationList = 47141A701EC7208F00DBD027 /* Build configuration list for PBXProject "ContainerTransition" */;
			compatibilityVersion = "Xcode 3.2";
			developmentRegion = English;
			hasScannedForEncodings = 0;
			knownRegions = (
				en,
				Base,
			);
			mainGroup = 47141A6C1EC7208F00DBD027;
			productRefGroup = 47141A761EC7208F00DBD027 /* Products */;
			projectDirPath = "";
			projectRoot = "";
			targets = (
				47141A741EC7208F00DBD027 /* ContainerTransition */,
			);
		};
/* End PBXProject section */

/* Begin PBXResourcesBuildPhase section */
		47141A731EC7208F00DBD027 /* Resources */ = {
			isa = PBXResourcesBuildPhase;
			buildActionMask = 2147483647;
			files = (
				47141A831EC7208F00DBD027 /* LaunchScreen.storyboard in Resources */,
				47141A801EC7208F00DBD027 /* Assets.xcassets in Resources */,
				47141A7E1EC7208F00DBD027 /* Main.storyboard in Resources */,
			);
			runOnlyForDeploymentPostprocessing = 0;
		};
/* End PBXResourcesBuildPhase section */

/* Begin PBXSourcesBuildPhase section */
		47141A711EC7208F00DBD027 /* Sources */ = {
			isa = PBXSourcesBuildPhase;
			buildActionMask = 2147483647;
			files = (
				47141A8B1EC726F300DBD027 /* Container1.swift in Sources */,
				47141A8F1EC72EDE00DBD027 /* Container2.swift in Sources */,
				47141A7B1EC7208F00DBD027 /* ViewController.swift in Sources */,
				47141A981EC7C21200DBD027 /* TabBarInstantTransition.swift in Sources */,
				47141A961EC7C20000DBD027 /* TabBarControllerProtocol.swift in Sources */,
				47141A8D1EC7281C00DBD027 /* ContainerViewController.swift in Sources */,
				47141A9C1EC7C29B00DBD027 /* TabBarManager.swift in Sources */,
				47141A9A1EC7C22B00DBD027 /* TabBarSlideTransition.swift in Sources */,
				47141A791EC7208F00DBD027 /* AppDelegate.swift in Sources */,
			);
			runOnlyForDeploymentPostprocessing = 0;
		};
/* End PBXSourcesBuildPhase section */

/* Begin PBXVariantGroup section */
		47141A7C1EC7208F00DBD027 /* Main.storyboard */ = {
			isa = PBXVariantGroup;
			children = (
				47141A7D1EC7208F00DBD027 /* Base */,
			);
			name = Main.storyboard;
			sourceTree = "<group>";
		};
		47141A811EC7208F00DBD027 /* LaunchScreen.storyboard */ = {
			isa = PBXVariantGroup;
			children = (
				47141A821EC7208F00DBD027 /* Base */,
			);
			name = LaunchScreen.storyboard;
			sourceTree = "<group>";
		};
/* End PBXVariantGroup section */

/* Begin XCBuildConfiguration section */
		47141A851EC7208F00DBD027 /* Debug */ = {
			isa = XCBuildConfiguration;
			buildSettings = {
				ALWAYS_SEARCH_USER_PATHS = NO;
				CLANG_ANALYZER_NONNULL = YES;
				CLANG_ANALYZER_NUMBER_OBJECT_CONVERSION = YES_AGGRESSIVE;
				CLANG_CXX_LANGUAGE_STANDARD = "gnu++0x";
				CLANG_CXX_LIBRARY = "libc++";
				CLANG_ENABLE_MODULES = YES;
				CLANG_ENABLE_OBJC_ARC = YES;
				CLANG_WARN_BOOL_CONVERSION = YES;
				CLANG_WARN_CONSTANT_CONVERSION = YES;
				CLANG_WARN_DIRECT_OBJC_ISA_USAGE = YES_ERROR;
				CLANG_WARN_DOCUMENTATION_COMMENTS = YES;
				CLANG_WARN_EMPTY_BODY = YES;
				CLANG_WARN_ENUM_CONVERSION = YES;
				CLANG_WARN_INFINITE_RECURSION = YES;
				CLANG_WARN_INT_CONVERSION = YES;
				CLANG_WARN_OBJC_ROOT_CLASS = YES_ERROR;
				CLANG_WARN_SUSPICIOUS_MOVE = YES;
				CLANG_WARN_UNREACHABLE_CODE = YES;
				CLANG_WARN__DUPLICATE_METHOD_MATCH = YES;
				"CODE_SIGN_IDENTITY[sdk=iphoneos*]" = "iPhone Developer";
				COPY_PHASE_STRIP = NO;
				DEBUG_INFORMATION_FORMAT = dwarf;
				ENABLE_STRICT_OBJC_MSGSEND = YES;
				ENABLE_TESTABILITY = YES;
				GCC_C_LANGUAGE_STANDARD = gnu99;
				GCC_DYNAMIC_NO_PIC = NO;
				GCC_NO_COMMON_BLOCKS = YES;
				GCC_OPTIMIZATION_LEVEL = 0;
				GCC_PREPROCESSOR_DEFINITIONS = (
					"DEBUG=1",
					"$(inherited)",
				);
				GCC_WARN_64_TO_32_BIT_CONVERSION = YES;
				GCC_WARN_ABOUT_RETURN_TYPE = YES_ERROR;
				GCC_WARN_UNDECLARED_SELECTOR = YES;
				GCC_WARN_UNINITIALIZED_AUTOS = YES_AGGRESSIVE;
				GCC_WARN_UNUSED_FUNCTION = YES;
				GCC_WARN_UNUSED_VARIABLE = YES;
				IPHONEOS_DEPLOYMENT_TARGET = 10.3;
				MTL_ENABLE_DEBUG_INFO = YES;
				ONLY_ACTIVE_ARCH = YES;
				SDKROOT = iphoneos;
				SWIFT_ACTIVE_COMPILATION_CONDITIONS = DEBUG;
				SWIFT_OPTIMIZATION_LEVEL = "-Onone";
				TARGETED_DEVICE_FAMILY = "1,2";
			};
			name = Debug;
		};
		47141A861EC7208F00DBD027 /* Release */ = {
			isa = XCBuildConfiguration;
			buildSettings = {
				ALWAYS_SEARCH_USER_PATHS = NO;
				CLANG_ANALYZER_NONNULL = YES;
				CLANG_ANALYZER_NUMBER_OBJECT_CONVERSION = YES_AGGRESSIVE;
				CLANG_CXX_LANGUAGE_STANDARD = "gnu++0x";
				CLANG_CXX_LIBRARY = "libc++";
				CLANG_ENABLE_MODULES = YES;
				CLANG_ENABLE_OBJC_ARC = YES;
				CLANG_WARN_BOOL_CONVERSION = YES;
				CLANG_WARN_CONSTANT_CONVERSION = YES;
				CLANG_WARN_DIRECT_OBJC_ISA_USAGE = YES_ERROR;
				CLANG_WARN_DOCUMENTATION_COMMENTS = YES;
				CLANG_WARN_EMPTY_BODY = YES;
				CLANG_WARN_ENUM_CONVERSION = YES;
				CLANG_WARN_INFINITE_RECURSION = YES;
				CLANG_WARN_INT_CONVERSION = YES;
				CLANG_WARN_OBJC_ROOT_CLASS = YES_ERROR;
				CLANG_WARN_SUSPICIOUS_MOVE = YES;
				CLANG_WARN_UNREACHABLE_CODE = YES;
				CLANG_WARN__DUPLICATE_METHOD_MATCH = YES;
				"CODE_SIGN_IDENTITY[sdk=iphoneos*]" = "iPhone Developer";
				COPY_PHASE_STRIP = NO;
				DEBUG_INFORMATION_FORMAT = "dwarf-with-dsym";
				ENABLE_NS_ASSERTIONS = NO;
				ENABLE_STRICT_OBJC_MSGSEND = YES;
				GCC_C_LANGUAGE_STANDARD = gnu99;
				GCC_NO_COMMON_BLOCKS = YES;
				GCC_WARN_64_TO_32_BIT_CONVERSION = YES;
				GCC_WARN_ABOUT_RETURN_TYPE = YES_ERROR;
				GCC_WARN_UNDECLARED_SELECTOR = YES;
				GCC_WARN_UNINITIALIZED_AUTOS = YES_AGGRESSIVE;
				GCC_WARN_UNUSED_FUNCTION = YES;
				GCC_WARN_UNUSED_VARIABLE = YES;
				IPHONEOS_DEPLOYMENT_TARGET = 10.3;
				MTL_ENABLE_DEBUG_INFO = NO;
				SDKROOT = iphoneos;
				SWIFT_OPTIMIZATION_LEVEL = "-Owholemodule";
				TARGETED_DEVICE_FAMILY = "1,2";
				VALIDATE_PRODUCT = YES;
			};
			name = Release;
		};
		47141A881EC7208F00DBD027 /* Debug */ = {
			isa = XCBuildConfiguration;
			buildSettings = {
				ASSETCATALOG_COMPILER_APPICON_NAME = AppIcon;
				INFOPLIST_FILE = ContainerTransition/Info.plist;
				LD_RUNPATH_SEARCH_PATHS = "$(inherited) @executable_path/Frameworks";
				PRODUCT_BUNDLE_IDENTIFIER = com.suryu.ContainerTransition;
				PRODUCT_NAME = "$(TARGET_NAME)";
				SWIFT_VERSION = 3.0;
			};
			name = Debug;
		};
		47141A891EC7208F00DBD027 /* Release */ = {
			isa = XCBuildConfiguration;
			buildSettings = {
				ASSETCATALOG_COMPILER_APPICON_NAME = AppIcon;
				INFOPLIST_FILE = ContainerTransition/Info.plist;
				LD_RUNPATH_SEARCH_PATHS = "$(inherited) @executable_path/Frameworks";
				PRODUCT_BUNDLE_IDENTIFIER = com.suryu.ContainerTransition;
				PRODUCT_NAME = "$(TARGET_NAME)";
				SWIFT_VERSION = 3.0;
			};
			name = Release;
		};
/* End XCBuildConfiguration section */

/* Begin XCConfigurationList section */
		47141A701EC7208F00DBD027 /* Build configuration list for PBXProject "ContainerTransition" */ = {
			isa = XCConfigurationList;
			buildConfigurations = (
				47141A851EC7208F00DBD027 /* Debug */,
				47141A861EC7208F00DBD027 /* Release */,
			);
			defaultConfigurationIsVisible = 0;
			defaultConfigurationName = Release;
		};
		47141A871EC7208F00DBD027 /* Build configuration list for PBXNativeTarget "ContainerTransition" */ = {
			isa = XCConfigurationList;
			buildConfigurations = (
				47141A881EC7208F00DBD027 /* Debug */,
				47141A891EC7208F00DBD027 /* Release */,
			);
			defaultConfigurationIsVisible = 0;
		};
/* End XCConfigurationList section */
	};
	rootObject = 47141A6D1EC7208F00DBD027 /* Project object */;
}
